
Microsoft Visual Studio Solution File, Format Version 12.00
# Visual Studio 15
VisualStudioVersion = 15.0.28307.421
MinimumVisualStudioVersion = 10.0.40219.1
Project("{FAE04EC0-301F-11D3-BF4B-00C04F79EFBC}") = "ContainerVervoer", "ContainerVervoer\ContainerVervoer.csproj", "{99455D4A-7C7C-42F9-BC40-F7A020D0E0E6}"
EndProject
Project("{FAE04EC0-301F-11D3-BF4B-00C04F79EFBC}") = "Logic", "Logic\Logic.csproj", "{2D960CBD-3C18-4BA6-B924-26DF848C51EF}"
EndProject
Global
	GlobalSection(SolutionConfigurationPlatforms) = preSolution
		Debug|Any CPU = Debug|Any CPU
		Release|Any CPU = Release|Any CPU
	EndGlobalSection
	GlobalSection(ProjectConfigurationPlatforms) = postSolution
		{99455D4A-7C7C-42F9-BC40-F7A020D0E0E6}.Debug|Any CPU.ActiveCfg = Debug|Any CPU
		{99455D4A-7C7C-42F9-BC40-F7A020D0E0E6}.Debug|Any CPU.Build.0 = Debug|Any CPU
		{99455D4A-7C7C-42F9-BC40-F7A020D0E0E6}.Release|Any CPU.ActiveCfg = Release|Any CPU
		{99455D4A-7C7C-42F9-BC40-F7A020D0E0E6}.Release|Any CPU.Build.0 = Release|Any CPU
		{2D960CBD-3C18-4BA6-B924-26DF848C51EF}.Debug|Any CPU.ActiveCfg = Debug|Any CPU
		{2D960CBD-3C18-4BA6-B924-26DF848C51EF}.Debug|Any CPU.Build.0 = Debug|Any CPU
		{2D960CBD-3C18-4BA6-B924-26DF848C51EF}.Release|Any CPU.ActiveCfg = Release|Any CPU
		{2D960CBD-3C18-4BA6-B924-26DF848C51EF}.Release|Any CPU.Build.0 = Release|Any CPU
	EndGlobalSection
	GlobalSection(SolutionProperties) = preSolution
		HideSolutionNode = FALSE
	EndGlobalSection
	GlobalSection(ExtensibilityGlobals) = postSolution
		SolutionGuid = {B0453114-CF24-414B-A808-C615116FE141}
	EndGlobalSection
EndGlobal
